
Microsoft Visual Studio Solution File, Format Version 12.00
# Visual Studio Version 16
VisualStudioVersion = 16.0.30907.101
MinimumVisualStudioVersion = 10.0.40219.1
Project("{FAE04EC0-301F-11D3-BF4B-00C04F79EFBC}") = "FibbonachiEvenMachine", "FibbonachiEvenMachine\FibbonachiEvenMachine.csproj", "{0D90EAF3-2653-4B1F-8A23-D64E0CC483B6}"
EndProject
Global
	GlobalSection(SolutionConfigurationPlatforms) = preSolution
		Debug|Any CPU = Debug|Any CPU
		Release|Any CPU = Release|Any CPU
	EndGlobalSection
	GlobalSection(ProjectConfigurationPlatforms) = postSolution
		{0D90EAF3-2653-4B1F-8A23-D64E0CC483B6}.Debug|Any CPU.ActiveCfg = Debug|Any CPU
		{0D90EAF3-2653-4B1F-8A23-D64E0CC483B6}.Debug|Any CPU.Build.0 = Debug|Any CPU
		{0D90EAF3-2653-4B1F-8A23-D64E0CC483B6}.Release|Any CPU.ActiveCfg = Release|Any CPU
		{0D90EAF3-2653-4B1F-8A23-D64E0CC483B6}.Release|Any CPU.Build.0 = Release|Any CPU
	EndGlobalSection
	GlobalSection(SolutionProperties) = preSolution
		HideSolutionNode = FALSE
	EndGlobalSection
	GlobalSection(ExtensibilityGlobals) = postSolution
		SolutionGuid = {FAB4C681-270A-46B6-918E-255B9F0FDE86}
	EndGlobalSection
EndGlobal
